// !$*UTF8*$!
{
	archiveVersion = 1;
	classes = {
	};
	objectVersion = 50;
	objects = {

/* Begin PBXBuildFile section */
		19771A35CCCC1F1AB379ED8A /* Pods_CodingTest.framework in Frameworks */ = {isa = PBXBuildFile; fileRef = 39667A20FE0C8D267CAD70B7 /* Pods_CodingTest.framework */; };
		3E492539D70752BF77CB587F /* Pods_CodingTest_CodingTestUITests.framework in Frameworks */ = {isa = PBXBuildFile; fileRef = BC96BCE54F9B40B7CBB9709D /* Pods_CodingTest_CodingTestUITests.framework */; };
		6E42735126F6015700DAE9F9 /* APIService.swift in Sources */ = {isa = PBXBuildFile; fileRef = 6E42735026F6015700DAE9F9 /* APIService.swift */; };
		6E42735726F6036900DAE9F9 /* NewsViewModel.swift in Sources */ = {isa = PBXBuildFile; fileRef = 6E42735626F6036900DAE9F9 /* NewsViewModel.swift */; };
		6E42736026F6157800DAE9F9 /* NewsTableViewCell.xib in Resources */ = {isa = PBXBuildFile; fileRef = 6E42735F26F6157800DAE9F9 /* NewsTableViewCell.xib */; };
		6E42736526F6159A00DAE9F9 /* NewsTableViewCell.swift in Sources */ = {isa = PBXBuildFile; fileRef = 6E42736426F6159A00DAE9F9 /* NewsTableViewCell.swift */; };
		6E42737326F658E300DAE9F9 /* close.png in Resources */ = {isa = PBXBuildFile; fileRef = 6E42737226F658E300DAE9F9 /* close.png */; };
		6E6448F226F5D0C700030087 /* AppDelegate.swift in Sources */ = {isa = PBXBuildFile; fileRef = 6E6448F126F5D0C700030087 /* AppDelegate.swift */; };
		6E6448F626F5D0C700030087 /* NewsListViewController.swift in Sources */ = {isa = PBXBuildFile; fileRef = 6E6448F526F5D0C700030087 /* NewsListViewController.swift */; };
		6E6448F926F5D0C700030087 /* Main.storyboard in Resources */ = {isa = PBXBuildFile; fileRef = 6E6448F726F5D0C700030087 /* Main.storyboard */; };
		6E6448FC26F5D0C700030087 /* CodingTest.xcdatamodeld in Sources */ = {isa = PBXBuildFile; fileRef = 6E6448FA26F5D0C700030087 /* CodingTest.xcdatamodeld */; };
		6E6448FE26F5D0CA00030087 /* Assets.xcassets in Resources */ = {isa = PBXBuildFile; fileRef = 6E6448FD26F5D0CA00030087 /* Assets.xcassets */; };
		6E64490126F5D0CA00030087 /* LaunchScreen.storyboard in Resources */ = {isa = PBXBuildFile; fileRef = 6E6448FF26F5D0CA00030087 /* LaunchScreen.storyboard */; };
		6E64490C26F5D0CA00030087 /* CodingTestTests.swift in Sources */ = {isa = PBXBuildFile; fileRef = 6E64490B26F5D0CA00030087 /* CodingTestTests.swift */; };
		6E64491726F5D0CA00030087 /* CodingTestUITests.swift in Sources */ = {isa = PBXBuildFile; fileRef = 6E64491626F5D0CA00030087 /* CodingTestUITests.swift */; };
		6E64493026F5D29D00030087 /* NewsModel.swift in Sources */ = {isa = PBXBuildFile; fileRef = 6E64492F26F5D29D00030087 /* NewsModel.swift */; };
		6E67228C26F711AC001D79EA /* CoreDataModel.swift in Sources */ = {isa = PBXBuildFile; fileRef = 6E67228B26F711AC001D79EA /* CoreDataModel.swift */; };
		6E67229426F77181001D79EA /* NewsWebViewController.swift in Sources */ = {isa = PBXBuildFile; fileRef = 6E67229326F77181001D79EA /* NewsWebViewController.swift */; };
		6E67229D26F79F5F001D79EA /* AnimationViewController.swift in Sources */ = {isa = PBXBuildFile; fileRef = 6E67229C26F79F5F001D79EA /* AnimationViewController.swift */; };
		6E6722BA26F7CC66001D79EA /* DisplayListView.swift in Sources */ = {isa = PBXBuildFile; fileRef = 6E6722B926F7CC66001D79EA /* DisplayListView.swift */; };
		6E6722BF26F7CC84001D79EA /* DisplayListView.xib in Resources */ = {isa = PBXBuildFile; fileRef = 6E6722BE26F7CC84001D79EA /* DisplayListView.xib */; };
		733D8F199B1FBA188BBE6416 /* Pods_CodingTestTests.framework in Frameworks */ = {isa = PBXBuildFile; fileRef = 04ADD9739483EC05007DFEA6 /* Pods_CodingTestTests.framework */; };
/* End PBXBuildFile section */

/* Begin PBXContainerItemProxy section */
		6E64490826F5D0CA00030087 /* PBXContainerItemProxy */ = {
			isa = PBXContainerItemProxy;
			containerPortal = 6E6448E626F5D0C700030087 /* Project object */;
			proxyType = 1;
			remoteGlobalIDString = 6E6448ED26F5D0C700030087;
			remoteInfo = CodingTest;
		};
		6E64491326F5D0CA00030087 /* PBXContainerItemProxy */ = {
			isa = PBXContainerItemProxy;
			containerPortal = 6E6448E626F5D0C700030087 /* Project object */;
			proxyType = 1;
			remoteGlobalIDString = 6E6448ED26F5D0C700030087;
			remoteInfo = CodingTest;
		};
/* End PBXContainerItemProxy section */

/* Begin PBXFileReference section */
		0172A7F421C9C857097412BE /* Pods-CodingTest-CodingTestUITests.release.xcconfig */ = {isa = PBXFileReference; includeInIndex = 1; lastKnownFileType = text.xcconfig; name = "Pods-CodingTest-CodingTestUITests.release.xcconfig"; path = "Target Support Files/Pods-CodingTest-CodingTestUITests/Pods-CodingTest-CodingTestUITests.release.xcconfig"; sourceTree = "<group>"; };
		01DF3B57384E8BE33D80D373 /* Pods-CodingTest-CodingTestUITests.debug.xcconfig */ = {isa = PBXFileReference; includeInIndex = 1; lastKnownFileType = text.xcconfig; name = "Pods-CodingTest-CodingTestUITests.debug.xcconfig"; path = "Target Support Files/Pods-CodingTest-CodingTestUITests/Pods-CodingTest-CodingTestUITests.debug.xcconfig"; sourceTree = "<group>"; };
		04ADD9739483EC05007DFEA6 /* Pods_CodingTestTests.framework */ = {isa = PBXFileReference; explicitFileType = wrapper.framework; includeInIndex = 0; path = Pods_CodingTestTests.framework; sourceTree = BUILT_PRODUCTS_DIR; };
		39667A20FE0C8D267CAD70B7 /* Pods_CodingTest.framework */ = {isa = PBXFileReference; explicitFileType = wrapper.framework; includeInIndex = 0; path = Pods_CodingTest.framework; sourceTree = BUILT_PRODUCTS_DIR; };
		6E42735026F6015700DAE9F9 /* APIService.swift */ = {isa = PBXFileReference; fileEncoding = 4; lastKnownFileType = sourcecode.swift; path = APIService.swift; sourceTree = "<group>"; };
		6E42735626F6036900DAE9F9 /* NewsViewModel.swift */ = {isa = PBXFileReference; lastKnownFileType = sourcecode.swift; path = NewsViewModel.swift; sourceTree = "<group>"; };
		6E42735F26F6157800DAE9F9 /* NewsTableViewCell.xib */ = {isa = PBXFileReference; lastKnownFileType = file.xib; path = NewsTableViewCell.xib; sourceTree = "<group>"; };
		6E42736426F6159A00DAE9F9 /* NewsTableViewCell.swift */ = {isa = PBXFileReference; lastKnownFileType = sourcecode.swift; path = NewsTableViewCell.swift; sourceTree = "<group>"; };
		6E42737226F658E300DAE9F9 /* close.png */ = {isa = PBXFileReference; lastKnownFileType = image.png; path = close.png; sourceTree = "<group>"; };
		6E6448EE26F5D0C700030087 /* CodingTest.app */ = {isa = PBXFileReference; explicitFileType = wrapper.application; includeInIndex = 0; path = CodingTest.app; sourceTree = BUILT_PRODUCTS_DIR; };
		6E6448F126F5D0C700030087 /* AppDelegate.swift */ = {isa = PBXFileReference; lastKnownFileType = sourcecode.swift; path = AppDelegate.swift; sourceTree = "<group>"; };
		6E6448F526F5D0C700030087 /* NewsListViewController.swift */ = {isa = PBXFileReference; lastKnownFileType = sourcecode.swift; path = NewsListViewController.swift; sourceTree = "<group>"; };
		6E6448F826F5D0C700030087 /* Base */ = {isa = PBXFileReference; lastKnownFileType = file.storyboard; name = Base; path = Base.lproj/Main.storyboard; sourceTree = "<group>"; };
		6E6448FB26F5D0C700030087 /* CodingTest.xcdatamodel */ = {isa = PBXFileReference; lastKnownFileType = wrapper.xcdatamodel; path = CodingTest.xcdatamodel; sourceTree = "<group>"; };
		6E6448FD26F5D0CA00030087 /* Assets.xcassets */ = {isa = PBXFileReference; lastKnownFileType = folder.assetcatalog; path = Assets.xcassets; sourceTree = "<group>"; };
		6E64490026F5D0CA00030087 /* Base */ = {isa = PBXFileReference; lastKnownFileType = file.storyboard; name = Base; path = Base.lproj/LaunchScreen.storyboard; sourceTree = "<group>"; };
		6E64490226F5D0CA00030087 /* Info.plist */ = {isa = PBXFileReference; lastKnownFileType = text.plist.xml; path = Info.plist; sourceTree = "<group>"; };
		6E64490726F5D0CA00030087 /* CodingTestTests.xctest */ = {isa = PBXFileReference; explicitFileType = wrapper.cfbundle; includeInIndex = 0; path = CodingTestTests.xctest; sourceTree = BUILT_PRODUCTS_DIR; };
		6E64490B26F5D0CA00030087 /* CodingTestTests.swift */ = {isa = PBXFileReference; lastKnownFileType = sourcecode.swift; path = CodingTestTests.swift; sourceTree = "<group>"; };
		6E64490D26F5D0CA00030087 /* Info.plist */ = {isa = PBXFileReference; lastKnownFileType = text.plist.xml; path = Info.plist; sourceTree = "<group>"; };
		6E64491226F5D0CA00030087 /* CodingTestUITests.xctest */ = {isa = PBXFileReference; explicitFileType = wrapper.cfbundle; includeInIndex = 0; path = CodingTestUITests.xctest; sourceTree = BUILT_PRODUCTS_DIR; };
		6E64491626F5D0CA00030087 /* CodingTestUITests.swift */ = {isa = PBXFileReference; lastKnownFileType = sourcecode.swift; path = CodingTestUITests.swift; sourceTree = "<group>"; };
		6E64491826F5D0CA00030087 /* Info.plist */ = {isa = PBXFileReference; lastKnownFileType = text.plist.xml; path = Info.plist; sourceTree = "<group>"; };
		6E64492F26F5D29D00030087 /* NewsModel.swift */ = {isa = PBXFileReference; lastKnownFileType = sourcecode.swift; path = NewsModel.swift; sourceTree = "<group>"; };
		6E67228B26F711AC001D79EA /* CoreDataModel.swift */ = {isa = PBXFileReference; lastKnownFileType = sourcecode.swift; path = CoreDataModel.swift; sourceTree = "<group>"; };
		6E67229326F77181001D79EA /* NewsWebViewController.swift */ = {isa = PBXFileReference; lastKnownFileType = sourcecode.swift; path = NewsWebViewController.swift; sourceTree = "<group>"; };
		6E67229C26F79F5F001D79EA /* AnimationViewController.swift */ = {isa = PBXFileReference; lastKnownFileType = sourcecode.swift; path = AnimationViewController.swift; sourceTree = "<group>"; };
		6E6722B926F7CC66001D79EA /* DisplayListView.swift */ = {isa = PBXFileReference; lastKnownFileType = sourcecode.swift; path = DisplayListView.swift; sourceTree = "<group>"; };
		6E6722BE26F7CC84001D79EA /* DisplayListView.xib */ = {isa = PBXFileReference; lastKnownFileType = file.xib; path = DisplayListView.xib; sourceTree = "<group>"; };
		82AC1C75B19C04A18D5623F5 /* Pods-CodingTest.debug.xcconfig */ = {isa = PBXFileReference; includeInIndex = 1; lastKnownFileType = text.xcconfig; name = "Pods-CodingTest.debug.xcconfig"; path = "Target Support Files/Pods-CodingTest/Pods-CodingTest.debug.xcconfig"; sourceTree = "<group>"; };
		8DCD4A54B99A503D05C58737 /* Pods-CodingTest.release.xcconfig */ = {isa = PBXFileReference; includeInIndex = 1; lastKnownFileType = text.xcconfig; name = "Pods-CodingTest.release.xcconfig"; path = "Target Support Files/Pods-CodingTest/Pods-CodingTest.release.xcconfig"; sourceTree = "<group>"; };
		BC96BCE54F9B40B7CBB9709D /* Pods_CodingTest_CodingTestUITests.framework */ = {isa = PBXFileReference; explicitFileType = wrapper.framework; includeInIndex = 0; path = Pods_CodingTest_CodingTestUITests.framework; sourceTree = BUILT_PRODUCTS_DIR; };
		D9DAD4D9B9271658E2648641 /* Pods-CodingTestTests.debug.xcconfig */ = {isa = PBXFileReference; includeInIndex = 1; lastKnownFileType = text.xcconfig; name = "Pods-CodingTestTests.debug.xcconfig"; path = "Target Support Files/Pods-CodingTestTests/Pods-CodingTestTests.debug.xcconfig"; sourceTree = "<group>"; };
		F2DE6D6D44CDD6CF4BF7B1F6 /* Pods-CodingTestTests.release.xcconfig */ = {isa = PBXFileReference; includeInIndex = 1; lastKnownFileType = text.xcconfig; name = "Pods-CodingTestTests.release.xcconfig"; path = "Target Support Files/Pods-CodingTestTests/Pods-CodingTestTests.release.xcconfig"; sourceTree = "<group>"; };
/* End PBXFileReference section */

/* Begin PBXFrameworksBuildPhase section */
		6E6448EB26F5D0C700030087 /* Frameworks */ = {
			isa = PBXFrameworksBuildPhase;
			buildActionMask = 2147483647;
			files = (
				19771A35CCCC1F1AB379ED8A /* Pods_CodingTest.framework in Frameworks */,
			);
			runOnlyForDeploymentPostprocessing = 0;
		};
		6E64490426F5D0CA00030087 /* Frameworks */ = {
			isa = PBXFrameworksBuildPhase;
			buildActionMask = 2147483647;
			files = (
				733D8F199B1FBA188BBE6416 /* Pods_CodingTestTests.framework in Frameworks */,
			);
			runOnlyForDeploymentPostprocessing = 0;
		};
		6E64490F26F5D0CA00030087 /* Frameworks */ = {
			isa = PBXFrameworksBuildPhase;
			buildActionMask = 2147483647;
			files = (
				3E492539D70752BF77CB587F /* Pods_CodingTest_CodingTestUITests.framework in Frameworks */,
			);
			runOnlyForDeploymentPostprocessing = 0;
		};
/* End PBXFrameworksBuildPhase section */

/* Begin PBXGroup section */
		6E42735E26F6153500DAE9F9 /* TableViewCells */ = {
			isa = PBXGroup;
			children = (
				6E42735F26F6157800DAE9F9 /* NewsTableViewCell.xib */,
				6E42736426F6159A00DAE9F9 /* NewsTableViewCell.swift */,
			);
			path = TableViewCells;
			sourceTree = "<group>";
		};
		6E42737126F6588C00DAE9F9 /* Images */ = {
			isa = PBXGroup;
			children = (
				6E42737226F658E300DAE9F9 /* close.png */,
			);
			path = Images;
			sourceTree = "<group>";
		};
		6E6448E526F5D0C700030087 = {
			isa = PBXGroup;
			children = (
				6E6448F026F5D0C700030087 /* CodingTest */,
				6E64490A26F5D0CA00030087 /* CodingTestTests */,
				6E64491526F5D0CA00030087 /* CodingTestUITests */,
				6E6448EF26F5D0C700030087 /* Products */,
				AC14CD27F26FEE9476A14DC0 /* Pods */,
				77D61FE559C1FB4397B05A1E /* Frameworks */,
			);
			sourceTree = "<group>";
		};
		6E6448EF26F5D0C700030087 /* Products */ = {
			isa = PBXGroup;
			children = (
				6E6448EE26F5D0C700030087 /* CodingTest.app */,
				6E64490726F5D0CA00030087 /* CodingTestTests.xctest */,
				6E64491226F5D0CA00030087 /* CodingTestUITests.xctest */,
			);
			name = Products;
			sourceTree = "<group>";
		};
		6E6448F026F5D0C700030087 /* CodingTest */ = {
			isa = PBXGroup;
			children = (
				6E42737126F6588C00DAE9F9 /* Images */,
				6E64492826F5D0DF00030087 /* Models */,
				6E64492B26F5D13C00030087 /* View */,
				6E64492926F5D0E300030087 /* ViewModels */,
				6E64492A26F5D0E600030087 /* API Service */,
				6E64492726F5D0DC00030087 /* Common */,
				6E6448F726F5D0C700030087 /* Main.storyboard */,
				6E6448FD26F5D0CA00030087 /* Assets.xcassets */,
				6E6448FF26F5D0CA00030087 /* LaunchScreen.storyboard */,
				6E64490226F5D0CA00030087 /* Info.plist */,
				6E6448FA26F5D0C700030087 /* CodingTest.xcdatamodeld */,
			);
			path = CodingTest;
			sourceTree = "<group>";
		};
		6E64490A26F5D0CA00030087 /* CodingTestTests */ = {
			isa = PBXGroup;
			children = (
				6E64490B26F5D0CA00030087 /* CodingTestTests.swift */,
				6E64490D26F5D0CA00030087 /* Info.plist */,
			);
			path = CodingTestTests;
			sourceTree = "<group>";
		};
		6E64491526F5D0CA00030087 /* CodingTestUITests */ = {
			isa = PBXGroup;
			children = (
				6E64491626F5D0CA00030087 /* CodingTestUITests.swift */,
				6E64491826F5D0CA00030087 /* Info.plist */,
			);
			path = CodingTestUITests;
			sourceTree = "<group>";
		};
		6E64492726F5D0DC00030087 /* Common */ = {
			isa = PBXGroup;
			children = (
				6E6448F126F5D0C700030087 /* AppDelegate.swift */,
			);
			path = Common;
			sourceTree = "<group>";
		};
		6E64492826F5D0DF00030087 /* Models */ = {
			isa = PBXGroup;
			children = (
				6E64492F26F5D29D00030087 /* NewsModel.swift */,
				6E67228B26F711AC001D79EA /* CoreDataModel.swift */,
			);
			path = Models;
			sourceTree = "<group>";
		};
		6E64492926F5D0E300030087 /* ViewModels */ = {
			isa = PBXGroup;
			children = (
				6E42735626F6036900DAE9F9 /* NewsViewModel.swift */,
			);
			path = ViewModels;
			sourceTree = "<group>";
		};
		6E64492A26F5D0E600030087 /* API Service */ = {
			isa = PBXGroup;
			children = (
				6E42735026F6015700DAE9F9 /* APIService.swift */,
			);
			path = "API Service";
			sourceTree = "<group>";
		};
		6E64492B26F5D13C00030087 /* View */ = {
			isa = PBXGroup;
			children = (
				6ED9A9FE26F90B5300D0DBA8 /* DisplayListView */,
				6E42735E26F6153500DAE9F9 /* TableViewCells */,
				6E6448F526F5D0C700030087 /* NewsListViewController.swift */,
				6E67229326F77181001D79EA /* NewsWebViewController.swift */,
				6E67229C26F79F5F001D79EA /* AnimationViewController.swift */,
			);
			path = View;
			sourceTree = "<group>";
		};
		6ED9A9FE26F90B5300D0DBA8 /* DisplayListView */ = {
			isa = PBXGroup;
			children = (
				6E6722B926F7CC66001D79EA /* DisplayListView.swift */,
				6E6722BE26F7CC84001D79EA /* DisplayListView.xib */,
			);
			path = DisplayListView;
			sourceTree = "<group>";
		};
		77D61FE559C1FB4397B05A1E /* Frameworks */ = {
			isa = PBXGroup;
			children = (
				39667A20FE0C8D267CAD70B7 /* Pods_CodingTest.framework */,
				BC96BCE54F9B40B7CBB9709D /* Pods_CodingTest_CodingTestUITests.framework */,
				04ADD9739483EC05007DFEA6 /* Pods_CodingTestTests.framework */,
			);
			name = Frameworks;
			sourceTree = "<group>";
		};
		AC14CD27F26FEE9476A14DC0 /* Pods */ = {
			isa = PBXGroup;
			children = (
				82AC1C75B19C04A18D5623F5 /* Pods-CodingTest.debug.xcconfig */,
				8DCD4A54B99A503D05C58737 /* Pods-CodingTest.release.xcconfig */,
				01DF3B57384E8BE33D80D373 /* Pods-CodingTest-CodingTestUITests.debug.xcconfig */,
				0172A7F421C9C857097412BE /* Pods-CodingTest-CodingTestUITests.release.xcconfig */,
				D9DAD4D9B9271658E2648641 /* Pods-CodingTestTests.debug.xcconfig */,
				F2DE6D6D44CDD6CF4BF7B1F6 /* Pods-CodingTestTests.release.xcconfig */,
			);
			name = Pods;
			path = Pods;
			sourceTree = "<group>";
		};
/* End PBXGroup section */

/* Begin PBXNativeTarget section */
		6E6448ED26F5D0C700030087 /* CodingTest */ = {
			isa = PBXNativeTarget;
			buildConfigurationList = 6E64491B26F5D0CA00030087 /* Build configuration list for PBXNativeTarget "CodingTest" */;
			buildPhases = (
				E9376C7FBF9667A4058B445C /* [CP] Check Pods Manifest.lock */,
				6E6448EA26F5D0C700030087 /* Sources */,
				6E6448EB26F5D0C700030087 /* Frameworks */,
				6E6448EC26F5D0C700030087 /* Resources */,
				9226E129E7F0C16B760F08E3 /* [CP] Embed Pods Frameworks */,
			);
			buildRules = (
			);
			dependencies = (
			);
			name = CodingTest;
			productName = CodingTest;
			productReference = 6E6448EE26F5D0C700030087 /* CodingTest.app */;
			productType = "com.apple.product-type.application";
		};
		6E64490626F5D0CA00030087 /* CodingTestTests */ = {
			isa = PBXNativeTarget;
			buildConfigurationList = 6E64491E26F5D0CA00030087 /* Build configuration list for PBXNativeTarget "CodingTestTests" */;
			buildPhases = (
				318313C9F9CC525E37695237 /* [CP] Check Pods Manifest.lock */,
				6E64490326F5D0CA00030087 /* Sources */,
				6E64490426F5D0CA00030087 /* Frameworks */,
				6E64490526F5D0CA00030087 /* Resources */,
			);
			buildRules = (
			);
			dependencies = (
				6E64490926F5D0CA00030087 /* PBXTargetDependency */,
			);
			name = CodingTestTests;
			productName = CodingTestTests;
			productReference = 6E64490726F5D0CA00030087 /* CodingTestTests.xctest */;
			productType = "com.apple.product-type.bundle.unit-test";
		};
		6E64491126F5D0CA00030087 /* CodingTestUITests */ = {
			isa = PBXNativeTarget;
			buildConfigurationList = 6E64492126F5D0CA00030087 /* Build configuration list for PBXNativeTarget "CodingTestUITests" */;
			buildPhases = (
				C7F8CD10EA3DBED846D91539 /* [CP] Check Pods Manifest.lock */,
				6E64490E26F5D0CA00030087 /* Sources */,
				6E64490F26F5D0CA00030087 /* Frameworks */,
				6E64491026F5D0CA00030087 /* Resources */,
				81019B434CEBCABF3B8E2950 /* [CP] Embed Pods Frameworks */,
			);
			buildRules = (
			);
			dependencies = (
				6E64491426F5D0CA00030087 /* PBXTargetDependency */,
			);
			name = CodingTestUITests;
			productName = CodingTestUITests;
			productReference = 6E64491226F5D0CA00030087 /* CodingTestUITests.xctest */;
			productType = "com.apple.product-type.bundle.ui-testing";
		};
/* End PBXNativeTarget section */

/* Begin PBXProject section */
		6E6448E626F5D0C700030087 /* Project object */ = {
			isa = PBXProject;
			attributes = {
				LastSwiftUpdateCheck = 1240;
				LastUpgradeCheck = 1240;
				TargetAttributes = {
					6E6448ED26F5D0C700030087 = {
						CreatedOnToolsVersion = 12.4;
					};
					6E64490626F5D0CA00030087 = {
						CreatedOnToolsVersion = 12.4;
						TestTargetID = 6E6448ED26F5D0C700030087;
					};
					6E64491126F5D0CA00030087 = {
						CreatedOnToolsVersion = 12.4;
						TestTargetID = 6E6448ED26F5D0C700030087;
					};
				};
			};
			buildConfigurationList = 6E6448E926F5D0C700030087 /* Build configuration list for PBXProject "CodingTest" */;
			compatibilityVersion = "Xcode 9.3";
			developmentRegion = en;
			hasScannedForEncodings = 0;
			knownRegions = (
				en,
				Base,
			);
			mainGroup = 6E6448E526F5D0C700030087;
			productRefGroup = 6E6448EF26F5D0C700030087 /* Products */;
			projectDirPath = "";
			projectRoot = "";
			targets = (
				6E6448ED26F5D0C700030087 /* CodingTest */,
				6E64490626F5D0CA00030087 /* CodingTestTests */,
				6E64491126F5D0CA00030087 /* CodingTestUITests */,
			);
		};
/* End PBXProject section */

/* Begin PBXResourcesBuildPhase section */
		6E6448EC26F5D0C700030087 /* Resources */ = {
			isa = PBXResourcesBuildPhase;
			buildActionMask = 2147483647;
			files = (
				6E64490126F5D0CA00030087 /* LaunchScreen.storyboard in Resources */,
				6E6722BF26F7CC84001D79EA /* DisplayListView.xib in Resources */,
				6E6448FE26F5D0CA00030087 /* Assets.xcassets in Resources */,
				6E42736026F6157800DAE9F9 /* NewsTableViewCell.xib in Resources */,
				6E42737326F658E300DAE9F9 /* close.png in Resources */,
				6E6448F926F5D0C700030087 /* Main.storyboard in Resources */,
			);
			runOnlyForDeploymentPostprocessing = 0;
		};
		6E64490526F5D0CA00030087 /* Resources */ = {
			isa = PBXResourcesBuildPhase;
			buildActionMask = 2147483647;
			files = (
			);
			runOnlyForDeploymentPostprocessing = 0;
		};
		6E64491026F5D0CA00030087 /* Resources */ = {
			isa = PBXResourcesBuildPhase;
			buildActionMask = 2147483647;
			files = (
			);
			runOnlyForDeploymentPostprocessing = 0;
		};
/* End PBXResourcesBuildPhase section */

/* Begin PBXShellScriptBuildPhase section */
		318313C9F9CC525E37695237 /* [CP] Check Pods Manifest.lock */ = {
			isa = PBXShellScriptBuildPhase;
			buildActionMask = 2147483647;
			files = (
			);
			inputFileListPaths = (
			);
			inputPaths = (
				"${PODS_PODFILE_DIR_PATH}/Podfile.lock",
				"${PODS_ROOT}/Manifest.lock",
			);
			name = "[CP] Check Pods Manifest.lock";
			outputFileListPaths = (
			);
			outputPaths = (
				"$(DERIVED_FILE_DIR)/Pods-CodingTestTests-checkManifestLockResult.txt",
			);
			runOnlyForDeploymentPostprocessing = 0;
			shellPath = /bin/sh;
			shellScript = "diff \"${PODS_PODFILE_DIR_PATH}/Podfile.lock\" \"${PODS_ROOT}/Manifest.lock\" > /dev/null\nif [ $? != 0 ] ; then\n    # print error to STDERR\n    echo \"error: The sandbox is not in sync with the Podfile.lock. Run 'pod install' or update your CocoaPods installation.\" >&2\n    exit 1\nfi\n# This output is used by Xcode 'outputs' to avoid re-running this script phase.\necho \"SUCCESS\" > \"${SCRIPT_OUTPUT_FILE_0}\"\n";
			showEnvVarsInLog = 0;
		};
		81019B434CEBCABF3B8E2950 /* [CP] Embed Pods Frameworks */ = {
			isa = PBXShellScriptBuildPhase;
			buildActionMask = 2147483647;
			files = (
			);
			inputFileListPaths = (
				"${PODS_ROOT}/Target Support Files/Pods-CodingTest-CodingTestUITests/Pods-CodingTest-CodingTestUITests-frameworks-${CONFIGURATION}-input-files.xcfilelist",
			);
			name = "[CP] Embed Pods Frameworks";
			outputFileListPaths = (
				"${PODS_ROOT}/Target Support Files/Pods-CodingTest-CodingTestUITests/Pods-CodingTest-CodingTestUITests-frameworks-${CONFIGURATION}-output-files.xcfilelist",
			);
			runOnlyForDeploymentPostprocessing = 0;
			shellPath = /bin/sh;
			shellScript = "\"${PODS_ROOT}/Target Support Files/Pods-CodingTest-CodingTestUITests/Pods-CodingTest-CodingTestUITests-frameworks.sh\"\n";
			showEnvVarsInLog = 0;
		};
		9226E129E7F0C16B760F08E3 /* [CP] Embed Pods Frameworks */ = {
			isa = PBXShellScriptBuildPhase;
			buildActionMask = 2147483647;
			files = (
			);
			inputFileListPaths = (
				"${PODS_ROOT}/Target Support Files/Pods-CodingTest/Pods-CodingTest-frameworks-${CONFIGURATION}-input-files.xcfilelist",
			);
			name = "[CP] Embed Pods Frameworks";
			outputFileListPaths = (
				"${PODS_ROOT}/Target Support Files/Pods-CodingTest/Pods-CodingTest-frameworks-${CONFIGURATION}-output-files.xcfilelist",
			);
			runOnlyForDeploymentPostprocessing = 0;
			shellPath = /bin/sh;
			shellScript = "\"${PODS_ROOT}/Target Support Files/Pods-CodingTest/Pods-CodingTest-frameworks.sh\"\n";
			showEnvVarsInLog = 0;
		};
		C7F8CD10EA3DBED846D91539 /* [CP] Check Pods Manifest.lock */ = {
			isa = PBXShellScriptBuildPhase;
			buildActionMask = 2147483647;
			files = (
			);
			inputFileListPaths = (
			);
			inputPaths = (
				"${PODS_PODFILE_DIR_PATH}/Podfile.lock",
				"${PODS_ROOT}/Manifest.lock",
			);
			name = "[CP] Check Pods Manifest.lock";
			outputFileListPaths = (
			);
			outputPaths = (
				"$(DERIVED_FILE_DIR)/Pods-CodingTest-CodingTestUITests-checkManifestLockResult.txt",
			);
			runOnlyForDeploymentPostprocessing = 0;
			shellPath = /bin/sh;
			shellScript = "diff \"${PODS_PODFILE_DIR_PATH}/Podfile.lock\" \"${PODS_ROOT}/Manifest.lock\" > /dev/null\nif [ $? != 0 ] ; then\n    # print error to STDERR\n    echo \"error: The sandbox is not in sync with the Podfile.lock. Run 'pod install' or update your CocoaPods installation.\" >&2\n    exit 1\nfi\n# This output is used by Xcode 'outputs' to avoid re-running this script phase.\necho \"SUCCESS\" > \"${SCRIPT_OUTPUT_FILE_0}\"\n";
			showEnvVarsInLog = 0;
		};
		E9376C7FBF9667A4058B445C /* [CP] Check Pods Manifest.lock */ = {
			isa = PBXShellScriptBuildPhase;
			buildActionMask = 2147483647;
			files = (
			);
			inputFileListPaths = (
			);
			inputPaths = (
				"${PODS_PODFILE_DIR_PATH}/Podfile.lock",
				"${PODS_ROOT}/Manifest.lock",
			);
			name = "[CP] Check Pods Manifest.lock";
			outputFileListPaths = (
			);
			outputPaths = (
				"$(DERIVED_FILE_DIR)/Pods-CodingTest-checkManifestLockResult.txt",
			);
			runOnlyForDeploymentPostprocessing = 0;
			shellPath = /bin/sh;
			shellScript = "diff \"${PODS_PODFILE_DIR_PATH}/Podfile.lock\" \"${PODS_ROOT}/Manifest.lock\" > /dev/null\nif [ $? != 0 ] ; then\n    # print error to STDERR\n    echo \"error: The sandbox is not in sync with the Podfile.lock. Run 'pod install' or update your CocoaPods installation.\" >&2\n    exit 1\nfi\n# This output is used by Xcode 'outputs' to avoid re-running this script phase.\necho \"SUCCESS\" > \"${SCRIPT_OUTPUT_FILE_0}\"\n";
			showEnvVarsInLog = 0;
		};
/* End PBXShellScriptBuildPhase section */

/* Begin PBXSourcesBuildPhase section */
		6E6448EA26F5D0C700030087 /* Sources */ = {
			isa = PBXSourcesBuildPhase;
			buildActionMask = 2147483647;
			files = (
				6E42735726F6036900DAE9F9 /* NewsViewModel.swift in Sources */,
				6E42736526F6159A00DAE9F9 /* NewsTableViewCell.swift in Sources */,
				6E67228C26F711AC001D79EA /* CoreDataModel.swift in Sources */,
				6E64493026F5D29D00030087 /* NewsModel.swift in Sources */,
				6E42735126F6015700DAE9F9 /* APIService.swift in Sources */,
				6E6448F626F5D0C700030087 /* NewsListViewController.swift in Sources */,
				6E67229426F77181001D79EA /* NewsWebViewController.swift in Sources */,
				6E6722BA26F7CC66001D79EA /* DisplayListView.swift in Sources */,
				6E67229D26F79F5F001D79EA /* AnimationViewController.swift in Sources */,
				6E6448F226F5D0C700030087 /* AppDelegate.swift in Sources */,
				6E6448FC26F5D0C700030087 /* CodingTest.xcdatamodeld in Sources */,
			);
			runOnlyForDeploymentPostprocessing = 0;
		};
		6E64490326F5D0CA00030087 /* Sources */ = {
			isa = PBXSourcesBuildPhase;
			buildActionMask = 2147483647;
			files = (
				6E64490C26F5D0CA00030087 /* CodingTestTests.swift in Sources */,
			);
			runOnlyForDeploymentPostprocessing = 0;
		};
		6E64490E26F5D0CA00030087 /* Sources */ = {
			isa = PBXSourcesBuildPhase;
			buildActionMask = 2147483647;
			files = (
				6E64491726F5D0CA00030087 /* CodingTestUITests.swift in Sources */,
			);
			runOnlyForDeploymentPostprocessing = 0;
		};
/* End PBXSourcesBuildPhase section */

/* Begin PBXTargetDependency section */
		6E64490926F5D0CA00030087 /* PBXTargetDependency */ = {
			isa = PBXTargetDependency;
			target = 6E6448ED26F5D0C700030087 /* CodingTest */;
			targetProxy = 6E64490826F5D0CA00030087 /* PBXContainerItemProxy */;
		};
		6E64491426F5D0CA00030087 /* PBXTargetDependency */ = {
			isa = PBXTargetDependency;
			target = 6E6448ED26F5D0C700030087 /* CodingTest */;
			targetProxy = 6E64491326F5D0CA00030087 /* PBXContainerItemProxy */;
		};
/* End PBXTargetDependency section */

/* Begin PBXVariantGroup section */
		6E6448F726F5D0C700030087 /* Main.storyboard */ = {
			isa = PBXVariantGroup;
			children = (
				6E6448F826F5D0C700030087 /* Base */,
			);
			name = Main.storyboard;
			sourceTree = "<group>";
		};
		6E6448FF26F5D0CA00030087 /* LaunchScreen.storyboard */ = {
			isa = PBXVariantGroup;
			children = (
				6E64490026F5D0CA00030087 /* Base */,
			);
			name = LaunchScreen.storyboard;
			sourceTree = "<group>";
		};
/* End PBXVariantGroup section */

/* Begin XCBuildConfiguration section */
		6E64491926F5D0CA00030087 /* Debug */ = {
			isa = XCBuildConfiguration;
			buildSettings = {
				ALWAYS_SEARCH_USER_PATHS = NO;
				CLANG_ANALYZER_NONNULL = YES;
				CLANG_ANALYZER_NUMBER_OBJECT_CONVERSION = YES_AGGRESSIVE;
				CLANG_CXX_LANGUAGE_STANDARD = "gnu++14";
				CLANG_CXX_LIBRARY = "libc++";
				CLANG_ENABLE_MODULES = YES;
				CLANG_ENABLE_OBJC_ARC = YES;
				CLANG_ENABLE_OBJC_WEAK = YES;
				CLANG_WARN_BLOCK_CAPTURE_AUTORELEASING = YES;
				CLANG_WARN_BOOL_CONVERSION = YES;
				CLANG_WARN_COMMA = YES;
				CLANG_WARN_CONSTANT_CONVERSION = YES;
				CLANG_WARN_DEPRECATED_OBJC_IMPLEMENTATIONS = YES;
				CLANG_WARN_DIRECT_OBJC_ISA_USAGE = YES_ERROR;
				CLANG_WARN_DOCUMENTATION_COMMENTS = YES;
				CLANG_WARN_EMPTY_BODY = YES;
				CLANG_WARN_ENUM_CONVERSION = YES;
				CLANG_WARN_INFINITE_RECURSION = YES;
				CLANG_WARN_INT_CONVERSION = YES;
				CLANG_WARN_NON_LITERAL_NULL_CONVERSION = YES;
				CLANG_WARN_OBJC_IMPLICIT_RETAIN_SELF = YES;
				CLANG_WARN_OBJC_LITERAL_CONVERSION = YES;
				CLANG_WARN_OBJC_ROOT_CLASS = YES_ERROR;
				CLANG_WARN_QUOTED_INCLUDE_IN_FRAMEWORK_HEADER = YES;
				CLANG_WARN_RANGE_LOOP_ANALYSIS = YES;
				CLANG_WARN_STRICT_PROTOTYPES = YES;
				CLANG_WARN_SUSPICIOUS_MOVE = YES;
				CLANG_WARN_UNGUARDED_AVAILABILITY = YES_AGGRESSIVE;
				CLANG_WARN_UNREACHABLE_CODE = YES;
				CLANG_WARN__DUPLICATE_METHOD_MATCH = YES;
				COPY_PHASE_STRIP = NO;
				DEBUG_INFORMATION_FORMAT = dwarf;
				ENABLE_STRICT_OBJC_MSGSEND = YES;
				ENABLE_TESTABILITY = YES;
				GCC_C_LANGUAGE_STANDARD = gnu11;
				GCC_DYNAMIC_NO_PIC = NO;
				GCC_NO_COMMON_BLOCKS = YES;
				GCC_OPTIMIZATION_LEVEL = 0;
				GCC_PREPROCESSOR_DEFINITIONS = (
					"DEBUG=1",
					"$(inherited)",
				);
				GCC_WARN_64_TO_32_BIT_CONVERSION = YES;
				GCC_WARN_ABOUT_RETURN_TYPE = YES_ERROR;
				GCC_WARN_UNDECLARED_SELECTOR = YES;
				GCC_WARN_UNINITIALIZED_AUTOS = YES_AGGRESSIVE;
				GCC_WARN_UNUSED_FUNCTION = YES;
				GCC_WARN_UNUSED_VARIABLE = YES;
				IPHONEOS_DEPLOYMENT_TARGET = 14.4;
				MTL_ENABLE_DEBUG_INFO = INCLUDE_SOURCE;
				MTL_FAST_MATH = YES;
				ONLY_ACTIVE_ARCH = YES;
				SDKROOT = iphoneos;
				SWIFT_ACTIVE_COMPILATION_CONDITIONS = DEBUG;
				SWIFT_OPTIMIZATION_LEVEL = "-Onone";
			};
			name = Debug;
		};
		6E64491A26F5D0CA00030087 /* Release */ = {
			isa = XCBuildConfiguration;
			buildSettings = {
				ALWAYS_SEARCH_USER_PATHS = NO;
				CLANG_ANALYZER_NONNULL = YES;
				CLANG_ANALYZER_NUMBER_OBJECT_CONVERSION = YES_AGGRESSIVE;
				CLANG_CXX_LANGUAGE_STANDARD = "gnu++14";
				CLANG_CXX_LIBRARY = "libc++";
				CLANG_ENABLE_MODULES = YES;
				CLANG_ENABLE_OBJC_ARC = YES;
				CLANG_ENABLE_OBJC_WEAK = YES;
				CLANG_WARN_BLOCK_CAPTURE_AUTORELEASING = YES;
				CLANG_WARN_BOOL_CONVERSION = YES;
				CLANG_WARN_COMMA = YES;
				CLANG_WARN_CONSTANT_CONVERSION = YES;
				CLANG_WARN_DEPRECATED_OBJC_IMPLEMENTATIONS = YES;
				CLANG_WARN_DIRECT_OBJC_ISA_USAGE = YES_ERROR;
				CLANG_WARN_DOCUMENTATION_COMMENTS = YES;
				CLANG_WARN_EMPTY_BODY = YES;
				CLANG_WARN_ENUM_CONVERSION = YES;
				CLANG_WARN_INFINITE_RECURSION = YES;
				CLANG_WARN_INT_CONVERSION = YES;
				CLANG_WARN_NON_LITERAL_NULL_CONVERSION = YES;
				CLANG_WARN_OBJC_IMPLICIT_RETAIN_SELF = YES;
				CLANG_WARN_OBJC_LITERAL_CONVERSION = YES;
				CLANG_WARN_OBJC_ROOT_CLASS = YES_ERROR;
				CLANG_WARN_QUOTED_INCLUDE_IN_FRAMEWORK_HEADER = YES;
				CLANG_WARN_RANGE_LOOP_ANALYSIS = YES;
				CLANG_WARN_STRICT_PROTOTYPES = YES;
				CLANG_WARN_SUSPICIOUS_MOVE = YES;
				CLANG_WARN_UNGUARDED_AVAILABILITY = YES_AGGRESSIVE;
				CLANG_WARN_UNREACHABLE_CODE = YES;
				CLANG_WARN__DUPLICATE_METHOD_MATCH = YES;
				COPY_PHASE_STRIP = NO;
				DEBUG_INFORMATION_FORMAT = "dwarf-with-dsym";
				ENABLE_NS_ASSERTIONS = NO;
				ENABLE_STRICT_OBJC_MSGSEND = YES;
				GCC_C_LANGUAGE_STANDARD = gnu11;
				GCC_NO_COMMON_BLOCKS = YES;
				GCC_WARN_64_TO_32_BIT_CONVERSION = YES;
				GCC_WARN_ABOUT_RETURN_TYPE = YES_ERROR;
				GCC_WARN_UNDECLARED_SELECTOR = YES;
				GCC_WARN_UNINITIALIZED_AUTOS = YES_AGGRESSIVE;
				GCC_WARN_UNUSED_FUNCTION = YES;
				GCC_WARN_UNUSED_VARIABLE = YES;
				IPHONEOS_DEPLOYMENT_TARGET = 14.4;
				MTL_ENABLE_DEBUG_INFO = NO;
				MTL_FAST_MATH = YES;
				SDKROOT = iphoneos;
				SWIFT_COMPILATION_MODE = wholemodule;
				SWIFT_OPTIMIZATION_LEVEL = "-O";
				VALIDATE_PRODUCT = YES;
			};
			name = Release;
		};
		6E64491C26F5D0CA00030087 /* Debug */ = {
			isa = XCBuildConfiguration;
			baseConfigurationReference = 82AC1C75B19C04A18D5623F5 /* Pods-CodingTest.debug.xcconfig */;
			buildSettings = {
				ASSETCATALOG_COMPILER_APPICON_NAME = AppIcon;
				ASSETCATALOG_COMPILER_GLOBAL_ACCENT_COLOR_NAME = AccentColor;
				CODE_SIGN_STYLE = Automatic;
				DEVELOPMENT_TEAM = QUHCH26S9Z;
				INFOPLIST_FILE = CodingTest/Info.plist;
				LD_RUNPATH_SEARCH_PATHS = (
					"$(inherited)",
					"@executable_path/Frameworks",
				);
				PRODUCT_BUNDLE_IDENTIFIER = "com.walrus.-CodingTest.CodingTest";
				PRODUCT_NAME = "$(TARGET_NAME)";
				SWIFT_VERSION = 5.0;
				TARGETED_DEVICE_FAMILY = "1,2";
			};
			name = Debug;
		};
		6E64491D26F5D0CA00030087 /* Release */ = {
			isa = XCBuildConfiguration;
			baseConfigurationReference = 8DCD4A54B99A503D05C58737 /* Pods-CodingTest.release.xcconfig */;
			buildSettings = {
				ASSETCATALOG_COMPILER_APPICON_NAME = AppIcon;
				ASSETCATALOG_COMPILER_GLOBAL_ACCENT_COLOR_NAME = AccentColor;
				CODE_SIGN_STYLE = Automatic;
				DEVELOPMENT_TEAM = QUHCH26S9Z;
				INFOPLIST_FILE = CodingTest/Info.plist;
				LD_RUNPATH_SEARCH_PATHS = (
					"$(inherited)",
					"@executable_path/Frameworks",
				);
				PRODUCT_BUNDLE_IDENTIFIER = "com.walrus.-CodingTest.CodingTest";
				PRODUCT_NAME = "$(TARGET_NAME)";
				SWIFT_VERSION = 5.0;
				TARGETED_DEVICE_FAMILY = "1,2";
			};
			name = Release;
		};
		6E64491F26F5D0CA00030087 /* Debug */ = {
			isa = XCBuildConfiguration;
			baseConfigurationReference = D9DAD4D9B9271658E2648641 /* Pods-CodingTestTests.debug.xcconfig */;
			buildSettings = {
				ALWAYS_EMBED_SWIFT_STANDARD_LIBRARIES = YES;
				BUNDLE_LOADER = "$(TEST_HOST)";
				CODE_SIGN_STYLE = Automatic;
				DEVELOPMENT_TEAM = QUHCH26S9Z;
				INFOPLIST_FILE = CodingTestTests/Info.plist;
				IPHONEOS_DEPLOYMENT_TARGET = 14.4;
				LD_RUNPATH_SEARCH_PATHS = (
					"$(inherited)",
					"@executable_path/Frameworks",
					"@loader_path/Frameworks",
				);
				PRODUCT_BUNDLE_IDENTIFIER = "com.walrus.-CodingTest.CodingTestTests";
				PRODUCT_NAME = "$(TARGET_NAME)";
				SWIFT_VERSION = 5.0;
				TARGETED_DEVICE_FAMILY = "1,2";
				TEST_HOST = "$(BUILT_PRODUCTS_DIR)/CodingTest.app/CodingTest";
			};
			name = Debug;
		};
		6E64492026F5D0CA00030087 /* Release */ = {
			isa = XCBuildConfiguration;
			baseConfigurationReference = F2DE6D6D44CDD6CF4BF7B1F6 /* Pods-CodingTestTests.release.xcconfig */;
			buildSettings = {
				ALWAYS_EMBED_SWIFT_STANDARD_LIBRARIES = YES;
				BUNDLE_LOADER = "$(TEST_HOST)";
				CODE_SIGN_STYLE = Automatic;
				DEVELOPMENT_TEAM = QUHCH26S9Z;
				INFOPLIST_FILE = CodingTestTests/Info.plist;
				IPHONEOS_DEPLOYMENT_TARGET = 14.4;
				LD_RUNPATH_SEARCH_PATHS = (
					"$(inherited)",
					"@executable_path/Frameworks",
					"@loader_path/Frameworks",
				);
				PRODUCT_BUNDLE_IDENTIFIER = "com.walrus.-CodingTest.CodingTestTests";
				PRODUCT_NAME = "$(TARGET_NAME)";
				SWIFT_VERSION = 5.0;
				TARGETED_DEVICE_FAMILY = "1,2";
				TEST_HOST = "$(BUILT_PRODUCTS_DIR)/CodingTest.app/CodingTest";
			};
			name = Release;
		};
		6E64492226F5D0CA00030087 /* Debug */ = {
			isa = XCBuildConfiguration;
			baseConfigurationReference = 01DF3B57384E8BE33D80D373 /* Pods-CodingTest-CodingTestUITests.debug.xcconfig */;
			buildSettings = {
				ALWAYS_EMBED_SWIFT_STANDARD_LIBRARIES = YES;
				CODE_SIGN_STYLE = Automatic;
				DEVELOPMENT_TEAM = QUHCH26S9Z;
				INFOPLIST_FILE = CodingTestUITests/Info.plist;
				LD_RUNPATH_SEARCH_PATHS = (
					"$(inherited)",
					"@executable_path/Frameworks",
					"@loader_path/Frameworks",
				);
				PRODUCT_BUNDLE_IDENTIFIER = "com.walrus.-CodingTest.CodingTestUITests";
				PRODUCT_NAME = "$(TARGET_NAME)";
				SWIFT_VERSION = 5.0;
				TARGETED_DEVICE_FAMILY = "1,2";
				TEST_TARGET_NAME = CodingTest;
			};
			name = Debug;
		};
		6E64492326F5D0CA00030087 /* Release */ = {
			isa = XCBuildConfiguration;
			baseConfigurationReference = 0172A7F421C9C857097412BE /* Pods-CodingTest-CodingTestUITests.release.xcconfig */;
			buildSettings = {
				ALWAYS_EMBED_SWIFT_STANDARD_LIBRARIES = YES;
				CODE_SIGN_STYLE = Automatic;
				DEVELOPMENT_TEAM = QUHCH26S9Z;
				INFOPLIST_FILE = CodingTestUITests/Info.plist;
				LD_RUNPATH_SEARCH_PATHS = (
					"$(inherited)",
					"@executable_path/Frameworks",
					"@loader_path/Frameworks",
				);
				PRODUCT_BUNDLE_IDENTIFIER = "com.walrus.-CodingTest.CodingTestUITests";
				PRODUCT_NAME = "$(TARGET_NAME)";
				SWIFT_VERSION = 5.0;
				TARGETED_DEVICE_FAMILY = "1,2";
				TEST_TARGET_NAME = CodingTest;
			};
			name = Release;
		};
/* End XCBuildConfiguration section */

/* Begin XCConfigurationList section */
		6E6448E926F5D0C700030087 /* Build configuration list for PBXProject "CodingTest" */ = {
			isa = XCConfigurationList;
			buildConfigurations = (
				6E64491926F5D0CA00030087 /* Debug */,
				6E64491A26F5D0CA00030087 /* Release */,
			);
			defaultConfigurationIsVisible = 0;
			defaultConfigurationName = Release;
		};
		6E64491B26F5D0CA00030087 /* Build configuration list for PBXNativeTarget "CodingTest" */ = {
			isa = XCConfigurationList;
			buildConfigurations = (
				6E64491C26F5D0CA00030087 /* Debug */,
				6E64491D26F5D0CA00030087 /* Release */,
			);
			defaultConfigurationIsVisible = 0;
			defaultConfigurationName = Release;
		};
		6E64491E26F5D0CA00030087 /* Build configuration list for PBXNativeTarget "CodingTestTests" */ = {
			isa = XCConfigurationList;
			buildConfigurations = (
				6E64491F26F5D0CA00030087 /* Debug */,
				6E64492026F5D0CA00030087 /* Release */,
			);
			defaultConfigurationIsVisible = 0;
			defaultConfigurationName = Release;
		};
		6E64492126F5D0CA00030087 /* Build configuration list for PBXNativeTarget "CodingTestUITests" */ = {
			isa = XCConfigurationList;
			buildConfigurations = (
				6E64492226F5D0CA00030087 /* Debug */,
				6E64492326F5D0CA00030087 /* Release */,
			);
			defaultConfigurationIsVisible = 0;
			defaultConfigurationName = Release;
		};
/* End XCConfigurationList section */

/* Begin XCVersionGroup section */
		6E6448FA26F5D0C700030087 /* CodingTest.xcdatamodeld */ = {
			isa = XCVersionGroup;
			children = (
				6E6448FB26F5D0C700030087 /* CodingTest.xcdatamodel */,
			);
			currentVersion = 6E6448FB26F5D0C700030087 /* CodingTest.xcdatamodel */;
			path = CodingTest.xcdatamodeld;
			sourceTree = "<group>";
			versionGroupType = wrapper.xcdatamodel;
		};
/* End XCVersionGroup section */
	};
	rootObject = 6E6448E626F5D0C700030087 /* Project object */;
}
